
Microsoft Visual Studio Solution File, Format Version 12.00
# Visual Studio Version 16
VisualStudioVersion = 16.0.29709.97
MinimumVisualStudioVersion = 10.0.40219.1
Project("{888888A0-9F3D-457C-B088-3A5042F75D52}") = "CHORD-LINER", "CHORD-LINER\CHORD-LINER.pyproj", "{1F6F351A-3B4D-4FD8-9479-74A37BEE7A85}"
EndProject
Global
	GlobalSection(SolutionConfigurationPlatforms) = preSolution
		Debug|Any CPU = Debug|Any CPU
		Release|Any CPU = Release|Any CPU
	EndGlobalSection
	GlobalSection(ProjectConfigurationPlatforms) = postSolution
		{1F6F351A-3B4D-4FD8-9479-74A37BEE7A85}.Debug|Any CPU.ActiveCfg = Debug|Any CPU
		{1F6F351A-3B4D-4FD8-9479-74A37BEE7A85}.Release|Any CPU.ActiveCfg = Release|Any CPU
	EndGlobalSection
	GlobalSection(SolutionProperties) = preSolution
		HideSolutionNode = FALSE
	EndGlobalSection
	GlobalSection(ExtensibilityGlobals) = postSolution
		SolutionGuid = {35E76410-D071-48D3-BAF2-8EAE520021BD}
	EndGlobalSection
EndGlobal
